
Microsoft Visual Studio Solution File, Format Version 12.00
# Visual Studio Version 16
VisualStudioVersion = 16.0.29728.190
MinimumVisualStudioVersion = 10.0.40219.1
Project("{FAE04EC0-301F-11D3-BF4B-00C04F79EFBC}") = "API_Lisam", "API_Lisam\API_Lisam.csproj", "{B6F73352-B459-4D0E-B730-5974AD0B2FF0}"
EndProject
Global
	GlobalSection(SolutionConfigurationPlatforms) = preSolution
		Debug|Any CPU = Debug|Any CPU
		Release|Any CPU = Release|Any CPU
	EndGlobalSection
	GlobalSection(ProjectConfigurationPlatforms) = postSolution
		{B6F73352-B459-4D0E-B730-5974AD0B2FF0}.Debug|Any CPU.ActiveCfg = Debug|Any CPU
		{B6F73352-B459-4D0E-B730-5974AD0B2FF0}.Debug|Any CPU.Build.0 = Debug|Any CPU
		{B6F73352-B459-4D0E-B730-5974AD0B2FF0}.Release|Any CPU.ActiveCfg = Release|Any CPU
		{B6F73352-B459-4D0E-B730-5974AD0B2FF0}.Release|Any CPU.Build.0 = Release|Any CPU
	EndGlobalSection
	GlobalSection(SolutionProperties) = preSolution
		HideSolutionNode = FALSE
	EndGlobalSection
	GlobalSection(ExtensibilityGlobals) = postSolution
		SolutionGuid = {8E17167F-74A0-45E6-B30F-BEEE69F822E6}
	EndGlobalSection
EndGlobal
